
Microsoft Visual Studio Solution File, Format Version 12.00
# Visual Studio 15
VisualStudioVersion = 15.0.26124.0
MinimumVisualStudioVersion = 15.0.26124.0
Project("{FAE04EC0-301F-11D3-BF4B-00C04F79EFBC}") = "encode", "encode\encode.csproj", "{2B8DF8B9-8AAC-4298-836D-88E59A0CE919}"
EndProject
Project("{FAE04EC0-301F-11D3-BF4B-00C04F79EFBC}") = "decode", "decode\decode.csproj", "{3BB68ED4-64D5-49C7-8161-25786D992EF4}"
EndProject
Project("{2150E333-8FDC-42A3-9474-1A3956D46DE8}") = "tests", "tests", "{26903FD4-58E9-4C28-8CE3-9397B667F35A}"
EndProject
Project("{FAE04EC0-301F-11D3-BF4B-00C04F79EFBC}") = "decodtests", "tests\decodtests\decodtests.csproj", "{223F0CB6-7BDA-4B9F-8919-D9AF41F30749}"
EndProject
Project("{FAE04EC0-301F-11D3-BF4B-00C04F79EFBC}") = "encodetests", "tests\encodetests\encodetests.csproj", "{A8172F56-FAE6-4A44-A11A-3965866CB799}"
EndProject
Global
	GlobalSection(SolutionConfigurationPlatforms) = preSolution
		Debug|Any CPU = Debug|Any CPU
		Debug|x64 = Debug|x64
		Debug|x86 = Debug|x86
		Release|Any CPU = Release|Any CPU
		Release|x64 = Release|x64
		Release|x86 = Release|x86
	EndGlobalSection
	GlobalSection(SolutionProperties) = preSolution
		HideSolutionNode = FALSE
	EndGlobalSection
	GlobalSection(ProjectConfigurationPlatforms) = postSolution
		{2B8DF8B9-8AAC-4298-836D-88E59A0CE919}.Debug|Any CPU.ActiveCfg = Debug|Any CPU
		{2B8DF8B9-8AAC-4298-836D-88E59A0CE919}.Debug|Any CPU.Build.0 = Debug|Any CPU
		{2B8DF8B9-8AAC-4298-836D-88E59A0CE919}.Debug|x64.ActiveCfg = Debug|Any CPU
		{2B8DF8B9-8AAC-4298-836D-88E59A0CE919}.Debug|x64.Build.0 = Debug|Any CPU
		{2B8DF8B9-8AAC-4298-836D-88E59A0CE919}.Debug|x86.ActiveCfg = Debug|Any CPU
		{2B8DF8B9-8AAC-4298-836D-88E59A0CE919}.Debug|x86.Build.0 = Debug|Any CPU
		{2B8DF8B9-8AAC-4298-836D-88E59A0CE919}.Release|Any CPU.ActiveCfg = Release|Any CPU
		{2B8DF8B9-8AAC-4298-836D-88E59A0CE919}.Release|Any CPU.Build.0 = Release|Any CPU
		{2B8DF8B9-8AAC-4298-836D-88E59A0CE919}.Release|x64.ActiveCfg = Release|Any CPU
		{2B8DF8B9-8AAC-4298-836D-88E59A0CE919}.Release|x64.Build.0 = Release|Any CPU
		{2B8DF8B9-8AAC-4298-836D-88E59A0CE919}.Release|x86.ActiveCfg = Release|Any CPU
		{2B8DF8B9-8AAC-4298-836D-88E59A0CE919}.Release|x86.Build.0 = Release|Any CPU
		{3BB68ED4-64D5-49C7-8161-25786D992EF4}.Debug|Any CPU.ActiveCfg = Debug|Any CPU
		{3BB68ED4-64D5-49C7-8161-25786D992EF4}.Debug|Any CPU.Build.0 = Debug|Any CPU
		{3BB68ED4-64D5-49C7-8161-25786D992EF4}.Debug|x64.ActiveCfg = Debug|Any CPU
		{3BB68ED4-64D5-49C7-8161-25786D992EF4}.Debug|x64.Build.0 = Debug|Any CPU
		{3BB68ED4-64D5-49C7-8161-25786D992EF4}.Debug|x86.ActiveCfg = Debug|Any CPU
		{3BB68ED4-64D5-49C7-8161-25786D992EF4}.Debug|x86.Build.0 = Debug|Any CPU
		{3BB68ED4-64D5-49C7-8161-25786D992EF4}.Release|Any CPU.ActiveCfg = Release|Any CPU
		{3BB68ED4-64D5-49C7-8161-25786D992EF4}.Release|Any CPU.Build.0 = Release|Any CPU
		{3BB68ED4-64D5-49C7-8161-25786D992EF4}.Release|x64.ActiveCfg = Release|Any CPU
		{3BB68ED4-64D5-49C7-8161-25786D992EF4}.Release|x64.Build.0 = Release|Any CPU
		{3BB68ED4-64D5-49C7-8161-25786D992EF4}.Release|x86.ActiveCfg = Release|Any CPU
		{3BB68ED4-64D5-49C7-8161-25786D992EF4}.Release|x86.Build.0 = Release|Any CPU
		{223F0CB6-7BDA-4B9F-8919-D9AF41F30749}.Debug|Any CPU.ActiveCfg = Debug|Any CPU
		{223F0CB6-7BDA-4B9F-8919-D9AF41F30749}.Debug|Any CPU.Build.0 = Debug|Any CPU
		{223F0CB6-7BDA-4B9F-8919-D9AF41F30749}.Debug|x64.ActiveCfg = Debug|Any CPU
		{223F0CB6-7BDA-4B9F-8919-D9AF41F30749}.Debug|x64.Build.0 = Debug|Any CPU
		{223F0CB6-7BDA-4B9F-8919-D9AF41F30749}.Debug|x86.ActiveCfg = Debug|Any CPU
		{223F0CB6-7BDA-4B9F-8919-D9AF41F30749}.Debug|x86.Build.0 = Debug|Any CPU
		{223F0CB6-7BDA-4B9F-8919-D9AF41F30749}.Release|Any CPU.ActiveCfg = Release|Any CPU
		{223F0CB6-7BDA-4B9F-8919-D9AF41F30749}.Release|Any CPU.Build.0 = Release|Any CPU
		{223F0CB6-7BDA-4B9F-8919-D9AF41F30749}.Release|x64.ActiveCfg = Release|Any CPU
		{223F0CB6-7BDA-4B9F-8919-D9AF41F30749}.Release|x64.Build.0 = Release|Any CPU
		{223F0CB6-7BDA-4B9F-8919-D9AF41F30749}.Release|x86.ActiveCfg = Release|Any CPU
		{223F0CB6-7BDA-4B9F-8919-D9AF41F30749}.Release|x86.Build.0 = Release|Any CPU
		{A8172F56-FAE6-4A44-A11A-3965866CB799}.Debug|Any CPU.ActiveCfg = Debug|Any CPU
		{A8172F56-FAE6-4A44-A11A-3965866CB799}.Debug|Any CPU.Build.0 = Debug|Any CPU
		{A8172F56-FAE6-4A44-A11A-3965866CB799}.Debug|x64.ActiveCfg = Debug|Any CPU
		{A8172F56-FAE6-4A44-A11A-3965866CB799}.Debug|x64.Build.0 = Debug|Any CPU
		{A8172F56-FAE6-4A44-A11A-3965866CB799}.Debug|x86.ActiveCfg = Debug|Any CPU
		{A8172F56-FAE6-4A44-A11A-3965866CB799}.Debug|x86.Build.0 = Debug|Any CPU
		{A8172F56-FAE6-4A44-A11A-3965866CB799}.Release|Any CPU.ActiveCfg = Release|Any CPU
		{A8172F56-FAE6-4A44-A11A-3965866CB799}.Release|Any CPU.Build.0 = Release|Any CPU
		{A8172F56-FAE6-4A44-A11A-3965866CB799}.Release|x64.ActiveCfg = Release|Any CPU
		{A8172F56-FAE6-4A44-A11A-3965866CB799}.Release|x64.Build.0 = Release|Any CPU
		{A8172F56-FAE6-4A44-A11A-3965866CB799}.Release|x86.ActiveCfg = Release|Any CPU
		{A8172F56-FAE6-4A44-A11A-3965866CB799}.Release|x86.Build.0 = Release|Any CPU
	EndGlobalSection
	GlobalSection(NestedProjects) = preSolution
		{223F0CB6-7BDA-4B9F-8919-D9AF41F30749} = {26903FD4-58E9-4C28-8CE3-9397B667F35A}
		{A8172F56-FAE6-4A44-A11A-3965866CB799} = {26903FD4-58E9-4C28-8CE3-9397B667F35A}
	EndGlobalSection
EndGlobal
