
Microsoft Visual Studio Solution File, Format Version 12.00
# Visual Studio 15
VisualStudioVersion = 15.0.26124.0
MinimumVisualStudioVersion = 15.0.26124.0
Project("{2150E333-8FDC-42A3-9474-1A3956D46DE8}") = "src", "src", "{3C9115DC-03DF-49F6-ABF3-35872EBE6CEE}"
EndProject
Project("{FAE04EC0-301F-11D3-BF4B-00C04F79EFBC}") = "Core", "src\Core\Core.csproj", "{41D0753C-D70E-41CD-B650-E0C3A490F986}"
EndProject
Project("{2150E333-8FDC-42A3-9474-1A3956D46DE8}") = "test", "test", "{8FAF250E-3733-40B6-95E6-17E8B6EB70BF}"
EndProject
Project("{FAE04EC0-301F-11D3-BF4B-00C04F79EFBC}") = "Core.Tests", "test\Core.Tests\Core.Tests.csproj", "{DD88E661-E57D-4227-B0DF-78A0E893A135}"
EndProject
Global
	GlobalSection(SolutionConfigurationPlatforms) = preSolution
		Debug|Any CPU = Debug|Any CPU
		Debug|x64 = Debug|x64
		Debug|x86 = Debug|x86
		Release|Any CPU = Release|Any CPU
		Release|x64 = Release|x64
		Release|x86 = Release|x86
	EndGlobalSection
	GlobalSection(SolutionProperties) = preSolution
		HideSolutionNode = FALSE
	EndGlobalSection
	GlobalSection(ProjectConfigurationPlatforms) = postSolution
		{41D0753C-D70E-41CD-B650-E0C3A490F986}.Debug|Any CPU.ActiveCfg = Debug|Any CPU
		{41D0753C-D70E-41CD-B650-E0C3A490F986}.Debug|Any CPU.Build.0 = Debug|Any CPU
		{41D0753C-D70E-41CD-B650-E0C3A490F986}.Debug|x64.ActiveCfg = Debug|Any CPU
		{41D0753C-D70E-41CD-B650-E0C3A490F986}.Debug|x64.Build.0 = Debug|Any CPU
		{41D0753C-D70E-41CD-B650-E0C3A490F986}.Debug|x86.ActiveCfg = Debug|Any CPU
		{41D0753C-D70E-41CD-B650-E0C3A490F986}.Debug|x86.Build.0 = Debug|Any CPU
		{41D0753C-D70E-41CD-B650-E0C3A490F986}.Release|Any CPU.ActiveCfg = Release|Any CPU
		{41D0753C-D70E-41CD-B650-E0C3A490F986}.Release|Any CPU.Build.0 = Release|Any CPU
		{41D0753C-D70E-41CD-B650-E0C3A490F986}.Release|x64.ActiveCfg = Release|Any CPU
		{41D0753C-D70E-41CD-B650-E0C3A490F986}.Release|x64.Build.0 = Release|Any CPU
		{41D0753C-D70E-41CD-B650-E0C3A490F986}.Release|x86.ActiveCfg = Release|Any CPU
		{41D0753C-D70E-41CD-B650-E0C3A490F986}.Release|x86.Build.0 = Release|Any CPU
		{DD88E661-E57D-4227-B0DF-78A0E893A135}.Debug|Any CPU.ActiveCfg = Debug|Any CPU
		{DD88E661-E57D-4227-B0DF-78A0E893A135}.Debug|Any CPU.Build.0 = Debug|Any CPU
		{DD88E661-E57D-4227-B0DF-78A0E893A135}.Debug|x64.ActiveCfg = Debug|Any CPU
		{DD88E661-E57D-4227-B0DF-78A0E893A135}.Debug|x64.Build.0 = Debug|Any CPU
		{DD88E661-E57D-4227-B0DF-78A0E893A135}.Debug|x86.ActiveCfg = Debug|Any CPU
		{DD88E661-E57D-4227-B0DF-78A0E893A135}.Debug|x86.Build.0 = Debug|Any CPU
		{DD88E661-E57D-4227-B0DF-78A0E893A135}.Release|Any CPU.ActiveCfg = Release|Any CPU
		{DD88E661-E57D-4227-B0DF-78A0E893A135}.Release|Any CPU.Build.0 = Release|Any CPU
		{DD88E661-E57D-4227-B0DF-78A0E893A135}.Release|x64.ActiveCfg = Release|Any CPU
		{DD88E661-E57D-4227-B0DF-78A0E893A135}.Release|x64.Build.0 = Release|Any CPU
		{DD88E661-E57D-4227-B0DF-78A0E893A135}.Release|x86.ActiveCfg = Release|Any CPU
		{DD88E661-E57D-4227-B0DF-78A0E893A135}.Release|x86.Build.0 = Release|Any CPU
	EndGlobalSection
	GlobalSection(NestedProjects) = preSolution
		{41D0753C-D70E-41CD-B650-E0C3A490F986} = {3C9115DC-03DF-49F6-ABF3-35872EBE6CEE}
		{DD88E661-E57D-4227-B0DF-78A0E893A135} = {8FAF250E-3733-40B6-95E6-17E8B6EB70BF}
	EndGlobalSection
EndGlobal
